
Microsoft Visual Studio Solution File, Format Version 12.00
# Visual Studio Version 16
VisualStudioVersion = 16.0.29215.179
MinimumVisualStudioVersion = 10.0.40219.1
Project("{FAE04EC0-301F-11D3-BF4B-00C04F79EFBC}") = "практическая 1", "практическая 1\практическая 1.csproj", "{24C20396-B824-42F4-9881-B22DFEC74F6A}"
EndProject
Global
	GlobalSection(SolutionConfigurationPlatforms) = preSolution
		Debug|Any CPU = Debug|Any CPU
		Release|Any CPU = Release|Any CPU
	EndGlobalSection
	GlobalSection(ProjectConfigurationPlatforms) = postSolution
		{24C20396-B824-42F4-9881-B22DFEC74F6A}.Debug|Any CPU.ActiveCfg = Debug|Any CPU
		{24C20396-B824-42F4-9881-B22DFEC74F6A}.Debug|Any CPU.Build.0 = Debug|Any CPU
		{24C20396-B824-42F4-9881-B22DFEC74F6A}.Release|Any CPU.ActiveCfg = Release|Any CPU
		{24C20396-B824-42F4-9881-B22DFEC74F6A}.Release|Any CPU.Build.0 = Release|Any CPU
	EndGlobalSection
	GlobalSection(SolutionProperties) = preSolution
		HideSolutionNode = FALSE
	EndGlobalSection
	GlobalSection(ExtensibilityGlobals) = postSolution
		SolutionGuid = {BA2640B9-F644-4CD8-B53C-2364086F5C9B}
	EndGlobalSection
EndGlobal
